
Microsoft Visual Studio Solution File, Format Version 12.00
# Visual Studio Version 16
VisualStudioVersion = 16.0.30320.27
MinimumVisualStudioVersion = 10.0.40219.1
Project("{9A19103F-16F7-4668-BE54-9A1E7A4F7556}") = "FinalBoss.Api", "FinalBoss.Api\FinalBoss.Api.csproj", "{3466BA2D-212A-4F38-9B9D-29ADA5D78FC5}"
EndProject
Project("{9A19103F-16F7-4668-BE54-9A1E7A4F7556}") = "FinalBoss.ObjectModel", "FinalBoss.ObjectModel\FinalBoss.ObjectModel.csproj", "{6BCFE7AE-C80D-4D93-B95F-7EC2C2F9788B}"
EndProject
Project("{9A19103F-16F7-4668-BE54-9A1E7A4F7556}") = "FinalBoss.Database", "FinalBoss.Database\FinalBoss.Database.csproj", "{523B0823-E1AB-4951-B447-9EE930ACCB13}"
EndProject
Project("{9A19103F-16F7-4668-BE54-9A1E7A4F7556}") = "FinalBoss.Shared", "FinalBoss.Shared\FinalBoss.Shared.csproj", "{0DE4783F-AA6A-4216-9B2E-DB0ADBBCEB17}"
EndProject
Project("{9A19103F-16F7-4668-BE54-9A1E7A4F7556}") = "FinalBoss", "FinalBoss\FinalBoss.csproj", "{FD897D78-B67E-4233-8E17-BF1BDC5FD945}"
EndProject
Project("{FAE04EC0-301F-11D3-BF4B-00C04F79EFBC}") = "FinallBoss.Tests.Unit", "FinallBoss.Tests.Unit\FinallBoss.Tests.Unit.csproj", "{485939F8-C710-4419-9727-1ACCFBD9EA6F}"
EndProject
Global
	GlobalSection(SolutionConfigurationPlatforms) = preSolution
		Debug|Any CPU = Debug|Any CPU
		Release|Any CPU = Release|Any CPU
	EndGlobalSection
	GlobalSection(ProjectConfigurationPlatforms) = postSolution
		{3466BA2D-212A-4F38-9B9D-29ADA5D78FC5}.Debug|Any CPU.ActiveCfg = Debug|Any CPU
		{3466BA2D-212A-4F38-9B9D-29ADA5D78FC5}.Debug|Any CPU.Build.0 = Debug|Any CPU
		{3466BA2D-212A-4F38-9B9D-29ADA5D78FC5}.Release|Any CPU.ActiveCfg = Release|Any CPU
		{3466BA2D-212A-4F38-9B9D-29ADA5D78FC5}.Release|Any CPU.Build.0 = Release|Any CPU
		{6BCFE7AE-C80D-4D93-B95F-7EC2C2F9788B}.Debug|Any CPU.ActiveCfg = Debug|Any CPU
		{6BCFE7AE-C80D-4D93-B95F-7EC2C2F9788B}.Debug|Any CPU.Build.0 = Debug|Any CPU
		{6BCFE7AE-C80D-4D93-B95F-7EC2C2F9788B}.Release|Any CPU.ActiveCfg = Release|Any CPU
		{6BCFE7AE-C80D-4D93-B95F-7EC2C2F9788B}.Release|Any CPU.Build.0 = Release|Any CPU
		{523B0823-E1AB-4951-B447-9EE930ACCB13}.Debug|Any CPU.ActiveCfg = Debug|Any CPU
		{523B0823-E1AB-4951-B447-9EE930ACCB13}.Debug|Any CPU.Build.0 = Debug|Any CPU
		{523B0823-E1AB-4951-B447-9EE930ACCB13}.Release|Any CPU.ActiveCfg = Release|Any CPU
		{523B0823-E1AB-4951-B447-9EE930ACCB13}.Release|Any CPU.Build.0 = Release|Any CPU
		{0DE4783F-AA6A-4216-9B2E-DB0ADBBCEB17}.Debug|Any CPU.ActiveCfg = Debug|Any CPU
		{0DE4783F-AA6A-4216-9B2E-DB0ADBBCEB17}.Debug|Any CPU.Build.0 = Debug|Any CPU
		{0DE4783F-AA6A-4216-9B2E-DB0ADBBCEB17}.Release|Any CPU.ActiveCfg = Release|Any CPU
		{0DE4783F-AA6A-4216-9B2E-DB0ADBBCEB17}.Release|Any CPU.Build.0 = Release|Any CPU
		{FD897D78-B67E-4233-8E17-BF1BDC5FD945}.Debug|Any CPU.ActiveCfg = Debug|Any CPU
		{FD897D78-B67E-4233-8E17-BF1BDC5FD945}.Debug|Any CPU.Build.0 = Debug|Any CPU
		{FD897D78-B67E-4233-8E17-BF1BDC5FD945}.Release|Any CPU.ActiveCfg = Release|Any CPU
		{FD897D78-B67E-4233-8E17-BF1BDC5FD945}.Release|Any CPU.Build.0 = Release|Any CPU
		{485939F8-C710-4419-9727-1ACCFBD9EA6F}.Debug|Any CPU.ActiveCfg = Debug|Any CPU
		{485939F8-C710-4419-9727-1ACCFBD9EA6F}.Debug|Any CPU.Build.0 = Debug|Any CPU
		{485939F8-C710-4419-9727-1ACCFBD9EA6F}.Release|Any CPU.ActiveCfg = Release|Any CPU
		{485939F8-C710-4419-9727-1ACCFBD9EA6F}.Release|Any CPU.Build.0 = Release|Any CPU
	EndGlobalSection
	GlobalSection(SolutionProperties) = preSolution
		HideSolutionNode = FALSE
	EndGlobalSection
	GlobalSection(ExtensibilityGlobals) = postSolution
		SolutionGuid = {2ECA793C-FA2C-4F70-A0C1-CA2752274387}
	EndGlobalSection
EndGlobal
