
Microsoft Visual Studio Solution File, Format Version 12.00
# Visual Studio 15
VisualStudioVersion = 15.0.28010.2036
MinimumVisualStudioVersion = 10.0.40219.1
Project("{FAE04EC0-301F-11D3-BF4B-00C04F79EFBC}") = "FinalBoss", "FinalBoss\FinalBoss.csproj", "{F14B12BC-7C79-4BBE-9BE0-AE82001C6489}"
EndProject
Project("{FAE04EC0-301F-11D3-BF4B-00C04F79EFBC}") = "FinalBoss.ObjectModel", "FinalBoss.ObjectModel\FinalBoss.ObjectModel.csproj", "{23F5B384-0E27-4B48-99FA-3138F2E60F07}"
EndProject
Global
	GlobalSection(SolutionConfigurationPlatforms) = preSolution
		Debug|Any CPU = Debug|Any CPU
		Release|Any CPU = Release|Any CPU
	EndGlobalSection
	GlobalSection(ProjectConfigurationPlatforms) = postSolution
		{F14B12BC-7C79-4BBE-9BE0-AE82001C6489}.Debug|Any CPU.ActiveCfg = Debug|Any CPU
		{F14B12BC-7C79-4BBE-9BE0-AE82001C6489}.Debug|Any CPU.Build.0 = Debug|Any CPU
		{F14B12BC-7C79-4BBE-9BE0-AE82001C6489}.Release|Any CPU.ActiveCfg = Release|Any CPU
		{F14B12BC-7C79-4BBE-9BE0-AE82001C6489}.Release|Any CPU.Build.0 = Release|Any CPU
		{23F5B384-0E27-4B48-99FA-3138F2E60F07}.Debug|Any CPU.ActiveCfg = Debug|Any CPU
		{23F5B384-0E27-4B48-99FA-3138F2E60F07}.Debug|Any CPU.Build.0 = Debug|Any CPU
		{23F5B384-0E27-4B48-99FA-3138F2E60F07}.Release|Any CPU.ActiveCfg = Release|Any CPU
		{23F5B384-0E27-4B48-99FA-3138F2E60F07}.Release|Any CPU.Build.0 = Release|Any CPU
	EndGlobalSection
	GlobalSection(SolutionProperties) = preSolution
		HideSolutionNode = FALSE
	EndGlobalSection
	GlobalSection(ExtensibilityGlobals) = postSolution
		SolutionGuid = {C7CD436A-E7B7-42BA-AE74-4428C49BB092}
	EndGlobalSection
EndGlobal
