
Microsoft Visual Studio Solution File, Format Version 12.00
# Visual Studio Version 17
VisualStudioVersion = 17.0.32014.148
MinimumVisualStudioVersion = 10.0.40219.1
Project("{9A19103F-16F7-4668-BE54-9A1E7A4F7556}") = "FinalBoss.Api", "FinalBoss.Api\FinalBoss.Api.csproj", "{3466BA2D-212A-4F38-9B9D-29ADA5D78FC5}"
EndProject
Project("{9A19103F-16F7-4668-BE54-9A1E7A4F7556}") = "FinalBoss.ObjectModel", "FinalBoss.ObjectModel\FinalBoss.ObjectModel.csproj", "{6BCFE7AE-C80D-4D93-B95F-7EC2C2F9788B}"
EndProject
Project("{9A19103F-16F7-4668-BE54-9A1E7A4F7556}") = "FinalBoss.Database", "FinalBoss.Database\FinalBoss.Database.csproj", "{523B0823-E1AB-4951-B447-9EE930ACCB13}"
EndProject
Project("{9A19103F-16F7-4668-BE54-9A1E7A4F7556}") = "FinalBoss.Api.Dto", "FinalBoss.Api.Dto\FinalBoss.Api.Dto.csproj", "{F2BF99F4-A647-4340-9395-E3184DE33E31}"
EndProject
Project("{9A19103F-16F7-4668-BE54-9A1E7A4F7556}") = "FinalBoss.Core", "FinalBoss.Core\FinalBoss.Core.csproj", "{86E89A1D-9EB9-4001-B856-144E4F80B017}"
EndProject
Project("{9A19103F-16F7-4668-BE54-9A1E7A4F7556}") = "FinalBoss.Api.Client", "FinalBoss.Api.Client\FinalBoss.Api.Client.csproj", "{2353FA86-74A0-4511-8599-0BF9D9992D34}"
EndProject
Project("{9A19103F-16F7-4668-BE54-9A1E7A4F7556}") = "FinalBoss.Database.Sync", "FinalBoss.Database.Sync\FinalBoss.Database.Sync.csproj", "{62EBEA0E-B854-4F96-BAB4-16B0A15DDA41}"
EndProject
Project("{9A19103F-16F7-4668-BE54-9A1E7A4F7556}") = "FinalBoss", "FinalBoss\FinalBoss.csproj", "{F1A7757F-CE4A-47E7-BA06-AEF01C261B9A}"
EndProject
Global
	GlobalSection(SolutionConfigurationPlatforms) = preSolution
		Debug|Any CPU = Debug|Any CPU
		Debug|iPhone = Debug|iPhone
		Debug|iPhoneSimulator = Debug|iPhoneSimulator
		Release|Any CPU = Release|Any CPU
		Release|iPhone = Release|iPhone
		Release|iPhoneSimulator = Release|iPhoneSimulator
	EndGlobalSection
	GlobalSection(ProjectConfigurationPlatforms) = postSolution
		{3466BA2D-212A-4F38-9B9D-29ADA5D78FC5}.Debug|Any CPU.ActiveCfg = Debug|Any CPU
		{3466BA2D-212A-4F38-9B9D-29ADA5D78FC5}.Debug|Any CPU.Build.0 = Debug|Any CPU
		{3466BA2D-212A-4F38-9B9D-29ADA5D78FC5}.Debug|iPhone.ActiveCfg = Debug|Any CPU
		{3466BA2D-212A-4F38-9B9D-29ADA5D78FC5}.Debug|iPhone.Build.0 = Debug|Any CPU
		{3466BA2D-212A-4F38-9B9D-29ADA5D78FC5}.Debug|iPhoneSimulator.ActiveCfg = Debug|Any CPU
		{3466BA2D-212A-4F38-9B9D-29ADA5D78FC5}.Debug|iPhoneSimulator.Build.0 = Debug|Any CPU
		{3466BA2D-212A-4F38-9B9D-29ADA5D78FC5}.Release|Any CPU.ActiveCfg = Release|Any CPU
		{3466BA2D-212A-4F38-9B9D-29ADA5D78FC5}.Release|Any CPU.Build.0 = Release|Any CPU
		{3466BA2D-212A-4F38-9B9D-29ADA5D78FC5}.Release|iPhone.ActiveCfg = Release|Any CPU
		{3466BA2D-212A-4F38-9B9D-29ADA5D78FC5}.Release|iPhone.Build.0 = Release|Any CPU
		{3466BA2D-212A-4F38-9B9D-29ADA5D78FC5}.Release|iPhoneSimulator.ActiveCfg = Release|Any CPU
		{3466BA2D-212A-4F38-9B9D-29ADA5D78FC5}.Release|iPhoneSimulator.Build.0 = Release|Any CPU
		{6BCFE7AE-C80D-4D93-B95F-7EC2C2F9788B}.Debug|Any CPU.ActiveCfg = Debug|Any CPU
		{6BCFE7AE-C80D-4D93-B95F-7EC2C2F9788B}.Debug|Any CPU.Build.0 = Debug|Any CPU
		{6BCFE7AE-C80D-4D93-B95F-7EC2C2F9788B}.Debug|iPhone.ActiveCfg = Debug|Any CPU
		{6BCFE7AE-C80D-4D93-B95F-7EC2C2F9788B}.Debug|iPhone.Build.0 = Debug|Any CPU
		{6BCFE7AE-C80D-4D93-B95F-7EC2C2F9788B}.Debug|iPhoneSimulator.ActiveCfg = Debug|Any CPU
		{6BCFE7AE-C80D-4D93-B95F-7EC2C2F9788B}.Debug|iPhoneSimulator.Build.0 = Debug|Any CPU
		{6BCFE7AE-C80D-4D93-B95F-7EC2C2F9788B}.Release|Any CPU.ActiveCfg = Release|Any CPU
		{6BCFE7AE-C80D-4D93-B95F-7EC2C2F9788B}.Release|Any CPU.Build.0 = Release|Any CPU
		{6BCFE7AE-C80D-4D93-B95F-7EC2C2F9788B}.Release|iPhone.ActiveCfg = Release|Any CPU
		{6BCFE7AE-C80D-4D93-B95F-7EC2C2F9788B}.Release|iPhone.Build.0 = Release|Any CPU
		{6BCFE7AE-C80D-4D93-B95F-7EC2C2F9788B}.Release|iPhoneSimulator.ActiveCfg = Release|Any CPU
		{6BCFE7AE-C80D-4D93-B95F-7EC2C2F9788B}.Release|iPhoneSimulator.Build.0 = Release|Any CPU
		{523B0823-E1AB-4951-B447-9EE930ACCB13}.Debug|Any CPU.ActiveCfg = Debug|Any CPU
		{523B0823-E1AB-4951-B447-9EE930ACCB13}.Debug|Any CPU.Build.0 = Debug|Any CPU
		{523B0823-E1AB-4951-B447-9EE930ACCB13}.Debug|iPhone.ActiveCfg = Debug|Any CPU
		{523B0823-E1AB-4951-B447-9EE930ACCB13}.Debug|iPhone.Build.0 = Debug|Any CPU
		{523B0823-E1AB-4951-B447-9EE930ACCB13}.Debug|iPhoneSimulator.ActiveCfg = Debug|Any CPU
		{523B0823-E1AB-4951-B447-9EE930ACCB13}.Debug|iPhoneSimulator.Build.0 = Debug|Any CPU
		{523B0823-E1AB-4951-B447-9EE930ACCB13}.Release|Any CPU.ActiveCfg = Release|Any CPU
		{523B0823-E1AB-4951-B447-9EE930ACCB13}.Release|Any CPU.Build.0 = Release|Any CPU
		{523B0823-E1AB-4951-B447-9EE930ACCB13}.Release|iPhone.ActiveCfg = Release|Any CPU
		{523B0823-E1AB-4951-B447-9EE930ACCB13}.Release|iPhone.Build.0 = Release|Any CPU
		{523B0823-E1AB-4951-B447-9EE930ACCB13}.Release|iPhoneSimulator.ActiveCfg = Release|Any CPU
		{523B0823-E1AB-4951-B447-9EE930ACCB13}.Release|iPhoneSimulator.Build.0 = Release|Any CPU
		{F2BF99F4-A647-4340-9395-E3184DE33E31}.Debug|Any CPU.ActiveCfg = Debug|Any CPU
		{F2BF99F4-A647-4340-9395-E3184DE33E31}.Debug|Any CPU.Build.0 = Debug|Any CPU
		{F2BF99F4-A647-4340-9395-E3184DE33E31}.Debug|iPhone.ActiveCfg = Debug|Any CPU
		{F2BF99F4-A647-4340-9395-E3184DE33E31}.Debug|iPhone.Build.0 = Debug|Any CPU
		{F2BF99F4-A647-4340-9395-E3184DE33E31}.Debug|iPhoneSimulator.ActiveCfg = Debug|Any CPU
		{F2BF99F4-A647-4340-9395-E3184DE33E31}.Debug|iPhoneSimulator.Build.0 = Debug|Any CPU
		{F2BF99F4-A647-4340-9395-E3184DE33E31}.Release|Any CPU.ActiveCfg = Release|Any CPU
		{F2BF99F4-A647-4340-9395-E3184DE33E31}.Release|Any CPU.Build.0 = Release|Any CPU
		{F2BF99F4-A647-4340-9395-E3184DE33E31}.Release|iPhone.ActiveCfg = Release|Any CPU
		{F2BF99F4-A647-4340-9395-E3184DE33E31}.Release|iPhone.Build.0 = Release|Any CPU
		{F2BF99F4-A647-4340-9395-E3184DE33E31}.Release|iPhoneSimulator.ActiveCfg = Release|Any CPU
		{F2BF99F4-A647-4340-9395-E3184DE33E31}.Release|iPhoneSimulator.Build.0 = Release|Any CPU
		{86E89A1D-9EB9-4001-B856-144E4F80B017}.Debug|Any CPU.ActiveCfg = Debug|Any CPU
		{86E89A1D-9EB9-4001-B856-144E4F80B017}.Debug|Any CPU.Build.0 = Debug|Any CPU
		{86E89A1D-9EB9-4001-B856-144E4F80B017}.Debug|iPhone.ActiveCfg = Debug|Any CPU
		{86E89A1D-9EB9-4001-B856-144E4F80B017}.Debug|iPhone.Build.0 = Debug|Any CPU
		{86E89A1D-9EB9-4001-B856-144E4F80B017}.Debug|iPhoneSimulator.ActiveCfg = Debug|Any CPU
		{86E89A1D-9EB9-4001-B856-144E4F80B017}.Debug|iPhoneSimulator.Build.0 = Debug|Any CPU
		{86E89A1D-9EB9-4001-B856-144E4F80B017}.Release|Any CPU.ActiveCfg = Release|Any CPU
		{86E89A1D-9EB9-4001-B856-144E4F80B017}.Release|Any CPU.Build.0 = Release|Any CPU
		{86E89A1D-9EB9-4001-B856-144E4F80B017}.Release|iPhone.ActiveCfg = Release|Any CPU
		{86E89A1D-9EB9-4001-B856-144E4F80B017}.Release|iPhone.Build.0 = Release|Any CPU
		{86E89A1D-9EB9-4001-B856-144E4F80B017}.Release|iPhoneSimulator.ActiveCfg = Release|Any CPU
		{86E89A1D-9EB9-4001-B856-144E4F80B017}.Release|iPhoneSimulator.Build.0 = Release|Any CPU
		{2353FA86-74A0-4511-8599-0BF9D9992D34}.Debug|Any CPU.ActiveCfg = Debug|Any CPU
		{2353FA86-74A0-4511-8599-0BF9D9992D34}.Debug|Any CPU.Build.0 = Debug|Any CPU
		{2353FA86-74A0-4511-8599-0BF9D9992D34}.Debug|iPhone.ActiveCfg = Debug|Any CPU
		{2353FA86-74A0-4511-8599-0BF9D9992D34}.Debug|iPhone.Build.0 = Debug|Any CPU
		{2353FA86-74A0-4511-8599-0BF9D9992D34}.Debug|iPhoneSimulator.ActiveCfg = Debug|Any CPU
		{2353FA86-74A0-4511-8599-0BF9D9992D34}.Debug|iPhoneSimulator.Build.0 = Debug|Any CPU
		{2353FA86-74A0-4511-8599-0BF9D9992D34}.Release|Any CPU.ActiveCfg = Release|Any CPU
		{2353FA86-74A0-4511-8599-0BF9D9992D34}.Release|Any CPU.Build.0 = Release|Any CPU
		{2353FA86-74A0-4511-8599-0BF9D9992D34}.Release|iPhone.ActiveCfg = Release|Any CPU
		{2353FA86-74A0-4511-8599-0BF9D9992D34}.Release|iPhone.Build.0 = Release|Any CPU
		{2353FA86-74A0-4511-8599-0BF9D9992D34}.Release|iPhoneSimulator.ActiveCfg = Release|Any CPU
		{2353FA86-74A0-4511-8599-0BF9D9992D34}.Release|iPhoneSimulator.Build.0 = Release|Any CPU
		{62EBEA0E-B854-4F96-BAB4-16B0A15DDA41}.Debug|Any CPU.ActiveCfg = Debug|Any CPU
		{62EBEA0E-B854-4F96-BAB4-16B0A15DDA41}.Debug|Any CPU.Build.0 = Debug|Any CPU
		{62EBEA0E-B854-4F96-BAB4-16B0A15DDA41}.Debug|iPhone.ActiveCfg = Debug|Any CPU
		{62EBEA0E-B854-4F96-BAB4-16B0A15DDA41}.Debug|iPhone.Build.0 = Debug|Any CPU
		{62EBEA0E-B854-4F96-BAB4-16B0A15DDA41}.Debug|iPhoneSimulator.ActiveCfg = Debug|Any CPU
		{62EBEA0E-B854-4F96-BAB4-16B0A15DDA41}.Debug|iPhoneSimulator.Build.0 = Debug|Any CPU
		{62EBEA0E-B854-4F96-BAB4-16B0A15DDA41}.Release|Any CPU.ActiveCfg = Release|Any CPU
		{62EBEA0E-B854-4F96-BAB4-16B0A15DDA41}.Release|Any CPU.Build.0 = Release|Any CPU
		{62EBEA0E-B854-4F96-BAB4-16B0A15DDA41}.Release|iPhone.ActiveCfg = Release|Any CPU
		{62EBEA0E-B854-4F96-BAB4-16B0A15DDA41}.Release|iPhone.Build.0 = Release|Any CPU
		{62EBEA0E-B854-4F96-BAB4-16B0A15DDA41}.Release|iPhoneSimulator.ActiveCfg = Release|Any CPU
		{62EBEA0E-B854-4F96-BAB4-16B0A15DDA41}.Release|iPhoneSimulator.Build.0 = Release|Any CPU
		{F1A7757F-CE4A-47E7-BA06-AEF01C261B9A}.Debug|Any CPU.ActiveCfg = Debug|Any CPU
		{F1A7757F-CE4A-47E7-BA06-AEF01C261B9A}.Debug|Any CPU.Build.0 = Debug|Any CPU
		{F1A7757F-CE4A-47E7-BA06-AEF01C261B9A}.Debug|iPhone.ActiveCfg = Debug|Any CPU
		{F1A7757F-CE4A-47E7-BA06-AEF01C261B9A}.Debug|iPhone.Build.0 = Debug|Any CPU
		{F1A7757F-CE4A-47E7-BA06-AEF01C261B9A}.Debug|iPhoneSimulator.ActiveCfg = Debug|Any CPU
		{F1A7757F-CE4A-47E7-BA06-AEF01C261B9A}.Debug|iPhoneSimulator.Build.0 = Debug|Any CPU
		{F1A7757F-CE4A-47E7-BA06-AEF01C261B9A}.Release|Any CPU.ActiveCfg = Release|Any CPU
		{F1A7757F-CE4A-47E7-BA06-AEF01C261B9A}.Release|Any CPU.Build.0 = Release|Any CPU
		{F1A7757F-CE4A-47E7-BA06-AEF01C261B9A}.Release|iPhone.ActiveCfg = Release|Any CPU
		{F1A7757F-CE4A-47E7-BA06-AEF01C261B9A}.Release|iPhone.Build.0 = Release|Any CPU
		{F1A7757F-CE4A-47E7-BA06-AEF01C261B9A}.Release|iPhoneSimulator.ActiveCfg = Release|Any CPU
		{F1A7757F-CE4A-47E7-BA06-AEF01C261B9A}.Release|iPhoneSimulator.Build.0 = Release|Any CPU
	EndGlobalSection
	GlobalSection(SolutionProperties) = preSolution
		HideSolutionNode = FALSE
	EndGlobalSection
	GlobalSection(ExtensibilityGlobals) = postSolution
		SolutionGuid = {2ECA793C-FA2C-4F70-A0C1-CA2752274387}
	EndGlobalSection
EndGlobal
